
Microsoft Visual Studio Solution File, Format Version 12.00
# Visual Studio 2012
Project("{FAE04EC0-301F-11D3-BF4B-00C04F79EFBC}") = "appli bancaire", "appli bancaire\appli bancaire.csproj", "{416A66E4-B3DF-46BF-9016-17C16853CA64}"
EndProject
Global
	GlobalSection(SolutionConfigurationPlatforms) = preSolution
		Debug|Any CPU = Debug|Any CPU
		Release|Any CPU = Release|Any CPU
	EndGlobalSection
	GlobalSection(ProjectConfigurationPlatforms) = postSolution
		{416A66E4-B3DF-46BF-9016-17C16853CA64}.Debug|Any CPU.ActiveCfg = Debug|Any CPU
		{416A66E4-B3DF-46BF-9016-17C16853CA64}.Debug|Any CPU.Build.0 = Debug|Any CPU
		{416A66E4-B3DF-46BF-9016-17C16853CA64}.Release|Any CPU.ActiveCfg = Release|Any CPU
		{416A66E4-B3DF-46BF-9016-17C16853CA64}.Release|Any CPU.Build.0 = Release|Any CPU
	EndGlobalSection
	GlobalSection(SolutionProperties) = preSolution
		HideSolutionNode = FALSE
	EndGlobalSection
EndGlobal
